
Microsoft Visual Studio Solution File, Format Version 12.00
# Visual Studio 15
VisualStudioVersion = 15.0.26430.15
MinimumVisualStudioVersion = 10.0.40219.1
Project("{9A19103F-16F7-4668-BE54-9A1E7A4F7556}") = "TrendingGiphyBotFunctions", "TrendingGiphyBotFunctions\TrendingGiphyBotFunctions.csproj", "{4BE7F8A4-346A-42FF-87A5-1A9DCAE2BABA}"
EndProject
Project("{9A19103F-16F7-4668-BE54-9A1E7A4F7556}") = "TrendingGiphyBotModel", "TrendingGiphyBotModel\TrendingGiphyBotModel.csproj", "{FE72F045-A677-4C49-9932-546A321D4283}"
EndProject
Project("{9A19103F-16F7-4668-BE54-9A1E7A4F7556}") = "TrendingGiphyBotCore", "TrendingGiphyBotCore\TrendingGiphyBotCore.csproj", "{35E9211B-6355-4CC5-9AD1-6BD132B3A650}"
EndProject
Global
	GlobalSection(SolutionConfigurationPlatforms) = preSolution
		Debug|Any CPU = Debug|Any CPU
		Release|Any CPU = Release|Any CPU
	EndGlobalSection
	GlobalSection(ProjectConfigurationPlatforms) = postSolution
		{4BE7F8A4-346A-42FF-87A5-1A9DCAE2BABA}.Debug|Any CPU.ActiveCfg = Debug|Any CPU
		{4BE7F8A4-346A-42FF-87A5-1A9DCAE2BABA}.Debug|Any CPU.Build.0 = Debug|Any CPU
		{4BE7F8A4-346A-42FF-87A5-1A9DCAE2BABA}.Release|Any CPU.ActiveCfg = Release|Any CPU
		{4BE7F8A4-346A-42FF-87A5-1A9DCAE2BABA}.Release|Any CPU.Build.0 = Release|Any CPU
		{FE72F045-A677-4C49-9932-546A321D4283}.Debug|Any CPU.ActiveCfg = Debug|Any CPU
		{FE72F045-A677-4C49-9932-546A321D4283}.Debug|Any CPU.Build.0 = Debug|Any CPU
		{FE72F045-A677-4C49-9932-546A321D4283}.Release|Any CPU.ActiveCfg = Release|Any CPU
		{FE72F045-A677-4C49-9932-546A321D4283}.Release|Any CPU.Build.0 = Release|Any CPU
		{35E9211B-6355-4CC5-9AD1-6BD132B3A650}.Debug|Any CPU.ActiveCfg = Debug|Any CPU
		{35E9211B-6355-4CC5-9AD1-6BD132B3A650}.Debug|Any CPU.Build.0 = Debug|Any CPU
		{35E9211B-6355-4CC5-9AD1-6BD132B3A650}.Release|Any CPU.ActiveCfg = Release|Any CPU
		{35E9211B-6355-4CC5-9AD1-6BD132B3A650}.Release|Any CPU.Build.0 = Release|Any CPU
	EndGlobalSection
	GlobalSection(SolutionProperties) = preSolution
		HideSolutionNode = FALSE
	EndGlobalSection
	GlobalSection(ExtensibilityGlobals) = postSolution
		SolutionGuid = {E341D92E-1F6B-43E7-A25A-9D0BE5DC43EA}
	EndGlobalSection
EndGlobal
